
Microsoft Visual Studio Solution File, Format Version 12.00
# Visual Studio Version 16
VisualStudioVersion = 16.0.32630.194
MinimumVisualStudioVersion = 10.0.40219.1
Project("{FAE04EC0-301F-11D3-BF4B-00C04F79EFBC}") = "SQLiteForMovement", "SQLiteForMovement\SQLiteForMovement.csproj", "{40B8149A-C8DE-4329-BB71-60C76F0D28AF}"
EndProject
Global
	GlobalSection(SolutionConfigurationPlatforms) = preSolution
		Debug|Any CPU = Debug|Any CPU
		Release|Any CPU = Release|Any CPU
	EndGlobalSection
	GlobalSection(ProjectConfigurationPlatforms) = postSolution
		{40B8149A-C8DE-4329-BB71-60C76F0D28AF}.Debug|Any CPU.ActiveCfg = Debug|Any CPU
		{40B8149A-C8DE-4329-BB71-60C76F0D28AF}.Debug|Any CPU.Build.0 = Debug|Any CPU
		{40B8149A-C8DE-4329-BB71-60C76F0D28AF}.Release|Any CPU.ActiveCfg = Release|Any CPU
		{40B8149A-C8DE-4329-BB71-60C76F0D28AF}.Release|Any CPU.Build.0 = Release|Any CPU
	EndGlobalSection
	GlobalSection(SolutionProperties) = preSolution
		HideSolutionNode = FALSE
	EndGlobalSection
	GlobalSection(ExtensibilityGlobals) = postSolution
		SolutionGuid = {B9EF1424-18D3-424F-AE39-A00B46D5B1EA}
	EndGlobalSection
EndGlobal
