
Microsoft Visual Studio Solution File, Format Version 12.00
# Visual Studio Version 16
VisualStudioVersion = 16.0.30611.23
MinimumVisualStudioVersion = 10.0.40219.1
Project("{FAE04EC0-301F-11D3-BF4B-00C04F79EFBC}") = "Ad1", "Ad1\Ad1.csproj", "{547CA7D6-3D77-4FE2-B6FC-3BA49D65187C}"
EndProject
Project("{FAE04EC0-301F-11D3-BF4B-00C04F79EFBC}") = "UnitTestProject1", "UnitTestProject1\UnitTestProject1.csproj", "{3B25264A-A7B0-459F-A51F-ED5F67173B8D}"
EndProject
Global
	GlobalSection(SolutionConfigurationPlatforms) = preSolution
		Debug|Any CPU = Debug|Any CPU
		Release|Any CPU = Release|Any CPU
	EndGlobalSection
	GlobalSection(ProjectConfigurationPlatforms) = postSolution
		{547CA7D6-3D77-4FE2-B6FC-3BA49D65187C}.Debug|Any CPU.ActiveCfg = Debug|Any CPU
		{547CA7D6-3D77-4FE2-B6FC-3BA49D65187C}.Debug|Any CPU.Build.0 = Debug|Any CPU
		{547CA7D6-3D77-4FE2-B6FC-3BA49D65187C}.Release|Any CPU.ActiveCfg = Release|Any CPU
		{547CA7D6-3D77-4FE2-B6FC-3BA49D65187C}.Release|Any CPU.Build.0 = Release|Any CPU
		{3B25264A-A7B0-459F-A51F-ED5F67173B8D}.Debug|Any CPU.ActiveCfg = Debug|Any CPU
		{3B25264A-A7B0-459F-A51F-ED5F67173B8D}.Debug|Any CPU.Build.0 = Debug|Any CPU
		{3B25264A-A7B0-459F-A51F-ED5F67173B8D}.Release|Any CPU.ActiveCfg = Release|Any CPU
		{3B25264A-A7B0-459F-A51F-ED5F67173B8D}.Release|Any CPU.Build.0 = Release|Any CPU
	EndGlobalSection
	GlobalSection(SolutionProperties) = preSolution
		HideSolutionNode = FALSE
	EndGlobalSection
	GlobalSection(ExtensibilityGlobals) = postSolution
		SolutionGuid = {1B7EF803-285A-4C68-B784-96046C2FF6D5}
	EndGlobalSection
EndGlobal
