
Microsoft Visual Studio Solution File, Format Version 12.00
# Visual Studio Version 16
VisualStudioVersion = 16.0.30611.23
MinimumVisualStudioVersion = 10.0.40219.1
Project("{FAE04EC0-301F-11D3-BF4B-00C04F79EFBC}") = "Words", "Words\Words.csproj", "{D053164C-E16A-4C47-940A-1DF6D1FE1C6D}"
EndProject
Global
	GlobalSection(SolutionConfigurationPlatforms) = preSolution
		Debug|Any CPU = Debug|Any CPU
		Release|Any CPU = Release|Any CPU
	EndGlobalSection
	GlobalSection(ProjectConfigurationPlatforms) = postSolution
		{D053164C-E16A-4C47-940A-1DF6D1FE1C6D}.Debug|Any CPU.ActiveCfg = Debug|Any CPU
		{D053164C-E16A-4C47-940A-1DF6D1FE1C6D}.Debug|Any CPU.Build.0 = Debug|Any CPU
		{D053164C-E16A-4C47-940A-1DF6D1FE1C6D}.Release|Any CPU.ActiveCfg = Release|Any CPU
		{D053164C-E16A-4C47-940A-1DF6D1FE1C6D}.Release|Any CPU.Build.0 = Release|Any CPU
	EndGlobalSection
	GlobalSection(SolutionProperties) = preSolution
		HideSolutionNode = FALSE
	EndGlobalSection
	GlobalSection(ExtensibilityGlobals) = postSolution
		SolutionGuid = {44689F4E-2605-4309-8AFE-4F0631573DB2}
	EndGlobalSection
EndGlobal
